
Microsoft Visual Studio Solution File, Format Version 12.00
Project("{FAE04EC0-301F-11D3-BF4B-00C04F79EFBC}") = "RecipeBackend", "RecipeBackend\RecipeBackend.csproj", "{6E293BB1-4109-47F2-9B20-FD1E9ED8E1A4}"
EndProject
Global
	GlobalSection(SolutionConfigurationPlatforms) = preSolution
		Debug|Any CPU = Debug|Any CPU
		Release|Any CPU = Release|Any CPU
	EndGlobalSection
	GlobalSection(ProjectConfigurationPlatforms) = postSolution
		{6E293BB1-4109-47F2-9B20-FD1E9ED8E1A4}.Debug|Any CPU.ActiveCfg = Debug|Any CPU
		{6E293BB1-4109-47F2-9B20-FD1E9ED8E1A4}.Debug|Any CPU.Build.0 = Debug|Any CPU
		{6E293BB1-4109-47F2-9B20-FD1E9ED8E1A4}.Release|Any CPU.ActiveCfg = Release|Any CPU
		{6E293BB1-4109-47F2-9B20-FD1E9ED8E1A4}.Release|Any CPU.Build.0 = Release|Any CPU
	EndGlobalSection
EndGlobal
